
Microsoft Visual Studio Solution File, Format Version 12.00
# Visual Studio 15
VisualStudioVersion = 15.0.26124.0
MinimumVisualStudioVersion = 15.0.26124.0
Project("{2150E333-8FDC-42A3-9474-1A3956D46DE8}") = "src", "src", "{EACAB76F-B27E-419D-9A6C-83B04BB19315}"
EndProject
Project("{FAE04EC0-301F-11D3-BF4B-00C04F79EFBC}") = "GrpcServer", "src\GrpcServer\GrpcServer.csproj", "{62D81929-11CC-45FF-A62D-A3214188D9EE}"
EndProject
Project("{FAE04EC0-301F-11D3-BF4B-00C04F79EFBC}") = "GrpcClient", "src\GrpcClient\GrpcClient.csproj", "{9E0BC02F-1A8A-4E5C-B9C8-0A0E9060F53F}"
EndProject
Global
	GlobalSection(SolutionConfigurationPlatforms) = preSolution
		Debug|Any CPU = Debug|Any CPU
		Debug|x64 = Debug|x64
		Debug|x86 = Debug|x86
		Release|Any CPU = Release|Any CPU
		Release|x64 = Release|x64
		Release|x86 = Release|x86
	EndGlobalSection
	GlobalSection(SolutionProperties) = preSolution
		HideSolutionNode = FALSE
	EndGlobalSection
	GlobalSection(ProjectConfigurationPlatforms) = postSolution
		{62D81929-11CC-45FF-A62D-A3214188D9EE}.Debug|Any CPU.ActiveCfg = Debug|Any CPU
		{62D81929-11CC-45FF-A62D-A3214188D9EE}.Debug|Any CPU.Build.0 = Debug|Any CPU
		{62D81929-11CC-45FF-A62D-A3214188D9EE}.Debug|x64.ActiveCfg = Debug|Any CPU
		{62D81929-11CC-45FF-A62D-A3214188D9EE}.Debug|x64.Build.0 = Debug|Any CPU
		{62D81929-11CC-45FF-A62D-A3214188D9EE}.Debug|x86.ActiveCfg = Debug|Any CPU
		{62D81929-11CC-45FF-A62D-A3214188D9EE}.Debug|x86.Build.0 = Debug|Any CPU
		{62D81929-11CC-45FF-A62D-A3214188D9EE}.Release|Any CPU.ActiveCfg = Release|Any CPU
		{62D81929-11CC-45FF-A62D-A3214188D9EE}.Release|Any CPU.Build.0 = Release|Any CPU
		{62D81929-11CC-45FF-A62D-A3214188D9EE}.Release|x64.ActiveCfg = Release|Any CPU
		{62D81929-11CC-45FF-A62D-A3214188D9EE}.Release|x64.Build.0 = Release|Any CPU
		{62D81929-11CC-45FF-A62D-A3214188D9EE}.Release|x86.ActiveCfg = Release|Any CPU
		{62D81929-11CC-45FF-A62D-A3214188D9EE}.Release|x86.Build.0 = Release|Any CPU
		{9E0BC02F-1A8A-4E5C-B9C8-0A0E9060F53F}.Debug|Any CPU.ActiveCfg = Debug|Any CPU
		{9E0BC02F-1A8A-4E5C-B9C8-0A0E9060F53F}.Debug|Any CPU.Build.0 = Debug|Any CPU
		{9E0BC02F-1A8A-4E5C-B9C8-0A0E9060F53F}.Debug|x64.ActiveCfg = Debug|Any CPU
		{9E0BC02F-1A8A-4E5C-B9C8-0A0E9060F53F}.Debug|x64.Build.0 = Debug|Any CPU
		{9E0BC02F-1A8A-4E5C-B9C8-0A0E9060F53F}.Debug|x86.ActiveCfg = Debug|Any CPU
		{9E0BC02F-1A8A-4E5C-B9C8-0A0E9060F53F}.Debug|x86.Build.0 = Debug|Any CPU
		{9E0BC02F-1A8A-4E5C-B9C8-0A0E9060F53F}.Release|Any CPU.ActiveCfg = Release|Any CPU
		{9E0BC02F-1A8A-4E5C-B9C8-0A0E9060F53F}.Release|Any CPU.Build.0 = Release|Any CPU
		{9E0BC02F-1A8A-4E5C-B9C8-0A0E9060F53F}.Release|x64.ActiveCfg = Release|Any CPU
		{9E0BC02F-1A8A-4E5C-B9C8-0A0E9060F53F}.Release|x64.Build.0 = Release|Any CPU
		{9E0BC02F-1A8A-4E5C-B9C8-0A0E9060F53F}.Release|x86.ActiveCfg = Release|Any CPU
		{9E0BC02F-1A8A-4E5C-B9C8-0A0E9060F53F}.Release|x86.Build.0 = Release|Any CPU
	EndGlobalSection
	GlobalSection(NestedProjects) = preSolution
		{62D81929-11CC-45FF-A62D-A3214188D9EE} = {EACAB76F-B27E-419D-9A6C-83B04BB19315}
		{9E0BC02F-1A8A-4E5C-B9C8-0A0E9060F53F} = {EACAB76F-B27E-419D-9A6C-83B04BB19315}
	EndGlobalSection
EndGlobal
